// !$*UTF8*$!
{
	archiveVersion = 1;
	classes = {
	};
	objectVersion = 56;
	objects = {

/* Begin PBXBuildFile section */
		6536EA762C300508009295AB /* boykotAppApp.swift in Sources */ = {isa = PBXBuildFile; fileRef = 6536EA752C300508009295AB /* boykotAppApp.swift */; };
		6536EA782C300508009295AB /* ContentView.swift in Sources */ = {isa = PBXBuildFile; fileRef = 6536EA772C300508009295AB /* ContentView.swift */; };
		6536EA7A2C300508009295AB /* Assets.xcassets in Resources */ = {isa = PBXBuildFile; fileRef = 6536EA792C300508009295AB /* Assets.xcassets */; };
		6536EA7D2C300508009295AB /* Preview Assets.xcassets in Resources */ = {isa = PBXBuildFile; fileRef = 6536EA7C2C300508009295AB /* Preview Assets.xcassets */; };
		6536EA842C30053F009295AB /* GoogleService-Info.plist in Resources */ = {isa = PBXBuildFile; fileRef = 6536EA832C30053E009295AB /* GoogleService-Info.plist */; };
		6536EA872C3007C1009295AB /* FirebaseDatabase in Frameworks */ = {isa = PBXBuildFile; productRef = 6536EA862C3007C1009295AB /* FirebaseDatabase */; };
		6536EA912C3009BF009295AB /* brands.swift in Sources */ = {isa = PBXBuildFile; fileRef = 6536EA902C3009BF009295AB /* brands.swift */; };
		6536EA932C300B2C009295AB /* ContentViewModel.swift in Sources */ = {isa = PBXBuildFile; fileRef = 6536EA922C300B2C009295AB /* ContentViewModel.swift */; };
		6536EA952C3011DC009295AB /* BrandLine.swift in Sources */ = {isa = PBXBuildFile; fileRef = 6536EA942C3011DC009295AB /* BrandLine.swift */; };
		6536EA982C30144F009295AB /* DetailPage.swift in Sources */ = {isa = PBXBuildFile; fileRef = 6536EA972C30144F009295AB /* DetailPage.swift */; };
		6536EA9B2C30309E009295AB /* RegisterViewModel.swift in Sources */ = {isa = PBXBuildFile; fileRef = 6536EA9A2C30309E009295AB /* RegisterViewModel.swift */; };
		6536EA9D2C3030F7009295AB /* RegisterPage.swift in Sources */ = {isa = PBXBuildFile; fileRef = 6536EA9C2C3030F7009295AB /* RegisterPage.swift */; };
		6536EA9F2C303A3B009295AB /* SettingViewModel.swift in Sources */ = {isa = PBXBuildFile; fileRef = 6536EA9E2C303A3B009295AB /* SettingViewModel.swift */; };
		65A43FC92C31284B00335F77 /* SettinngPage.swift in Sources */ = {isa = PBXBuildFile; fileRef = 65A43FC82C31284B00335F77 /* SettinngPage.swift */; };
/* End PBXBuildFile section */

/* Begin PBXFileReference section */
		6536EA722C300508009295AB /* boykotApp.app */ = {isa = PBXFileReference; explicitFileType = wrapper.application; includeInIndex = 0; path = boykotApp.app; sourceTree = BUILT_PRODUCTS_DIR; };
		6536EA752C300508009295AB /* boykotAppApp.swift */ = {isa = PBXFileReference; lastKnownFileType = sourcecode.swift; path = boykotAppApp.swift; sourceTree = "<group>"; };
		6536EA772C300508009295AB /* ContentView.swift */ = {isa = PBXFileReference; lastKnownFileType = sourcecode.swift; path = ContentView.swift; sourceTree = "<group>"; };
		6536EA792C300508009295AB /* Assets.xcassets */ = {isa = PBXFileReference; lastKnownFileType = folder.assetcatalog; path = Assets.xcassets; sourceTree = "<group>"; };
		6536EA7C2C300508009295AB /* Preview Assets.xcassets */ = {isa = PBXFileReference; lastKnownFileType = folder.assetcatalog; path = "Preview Assets.xcassets"; sourceTree = "<group>"; };
		6536EA832C30053E009295AB /* GoogleService-Info.plist */ = {isa = PBXFileReference; fileEncoding = 4; lastKnownFileType = text.plist.xml; path = "GoogleService-Info.plist"; sourceTree = "<group>"; };
		6536EA902C3009BF009295AB /* brands.swift */ = {isa = PBXFileReference; lastKnownFileType = sourcecode.swift; path = brands.swift; sourceTree = "<group>"; };
		6536EA922C300B2C009295AB /* ContentViewModel.swift */ = {isa = PBXFileReference; lastKnownFileType = sourcecode.swift; path = ContentViewModel.swift; sourceTree = "<group>"; };
		6536EA942C3011DC009295AB /* BrandLine.swift */ = {isa = PBXFileReference; lastKnownFileType = sourcecode.swift; path = BrandLine.swift; sourceTree = "<group>"; };
		6536EA972C30144F009295AB /* DetailPage.swift */ = {isa = PBXFileReference; lastKnownFileType = sourcecode.swift; path = DetailPage.swift; sourceTree = "<group>"; };
		6536EA992C3014F5009295AB /* Info.plist */ = {isa = PBXFileReference; lastKnownFileType = text.plist; path = Info.plist; sourceTree = "<group>"; };
		6536EA9A2C30309E009295AB /* RegisterViewModel.swift */ = {isa = PBXFileReference; lastKnownFileType = sourcecode.swift; path = RegisterViewModel.swift; sourceTree = "<group>"; };
		6536EA9C2C3030F7009295AB /* RegisterPage.swift */ = {isa = PBXFileReference; lastKnownFileType = sourcecode.swift; path = RegisterPage.swift; sourceTree = "<group>"; };
		6536EA9E2C303A3B009295AB /* SettingViewModel.swift */ = {isa = PBXFileReference; lastKnownFileType = sourcecode.swift; path = SettingViewModel.swift; sourceTree = "<group>"; };
		65A43FC82C31284B00335F77 /* SettinngPage.swift */ = {isa = PBXFileReference; lastKnownFileType = sourcecode.swift; path = SettinngPage.swift; sourceTree = "<group>"; };
/* End PBXFileReference section */

/* Begin PBXFrameworksBuildPhase section */
		6536EA6F2C300508009295AB /* Frameworks */ = {
			isa = PBXFrameworksBuildPhase;
			buildActionMask = 2147483647;
			files = (
				6536EA872C3007C1009295AB /* FirebaseDatabase in Frameworks */,
			);
			runOnlyForDeploymentPostprocessing = 0;
		};
/* End PBXFrameworksBuildPhase section */

/* Begin PBXGroup section */
		6536EA692C300508009295AB = {
			isa = PBXGroup;
			children = (
				6536EA742C300508009295AB /* boykotApp */,
				6536EA732C300508009295AB /* Products */,
			);
			sourceTree = "<group>";
		};
		6536EA732C300508009295AB /* Products */ = {
			isa = PBXGroup;
			children = (
				6536EA722C300508009295AB /* boykotApp.app */,
			);
			name = Products;
			sourceTree = "<group>";
		};
		6536EA742C300508009295AB /* boykotApp */ = {
			isa = PBXGroup;
			children = (
				6536EA992C3014F5009295AB /* Info.plist */,
				6536EA752C300508009295AB /* boykotAppApp.swift */,
				6536EA882C3008BA009295AB /* ui */,
				6536EA8C2C300914009295AB /* data */,
				6536EA792C300508009295AB /* Assets.xcassets */,
				6536EA832C30053E009295AB /* GoogleService-Info.plist */,
				6536EA7B2C300508009295AB /* Preview Content */,
			);
			path = boykotApp;
			sourceTree = "<group>";
		};
		6536EA7B2C300508009295AB /* Preview Content */ = {
			isa = PBXGroup;
			children = (
				6536EA7C2C300508009295AB /* Preview Assets.xcassets */,
			);
			path = "Preview Content";
			sourceTree = "<group>";
		};
		6536EA882C3008BA009295AB /* ui */ = {
			isa = PBXGroup;
			children = (
				6536EA892C3008C4009295AB /* viewmodel */,
				6536EA8A2C3008DF009295AB /* view */,
				6536EA8B2C3008EB009295AB /* list */,
			);
			path = ui;
			sourceTree = "<group>";
		};
		6536EA892C3008C4009295AB /* viewmodel */ = {
			isa = PBXGroup;
			children = (
				6536EA922C300B2C009295AB /* ContentViewModel.swift */,
				6536EA9E2C303A3B009295AB /* SettingViewModel.swift */,
				6536EA9A2C30309E009295AB /* RegisterViewModel.swift */,
			);
			path = viewmodel;
			sourceTree = "<group>";
		};
		6536EA8A2C3008DF009295AB /* view */ = {
			isa = PBXGroup;
			children = (
				6536EA772C300508009295AB /* ContentView.swift */,
				6536EA972C30144F009295AB /* DetailPage.swift */,
				6536EA9C2C3030F7009295AB /* RegisterPage.swift */,
				65A43FC82C31284B00335F77 /* SettinngPage.swift */,
			);
			path = view;
			sourceTree = "<group>";
		};
		6536EA8B2C3008EB009295AB /* list */ = {
			isa = PBXGroup;
			children = (
				6536EA942C3011DC009295AB /* BrandLine.swift */,
			);
			path = list;
			sourceTree = "<group>";
		};
		6536EA8C2C300914009295AB /* data */ = {
			isa = PBXGroup;
			children = (
				6536EA8D2C300927009295AB /* entity */,
			);
			path = data;
			sourceTree = "<group>";
		};
		6536EA8D2C300927009295AB /* entity */ = {
			isa = PBXGroup;
			children = (
				6536EA902C3009BF009295AB /* brands.swift */,
			);
			path = entity;
			sourceTree = "<group>";
		};
/* End PBXGroup section */

/* Begin PBXNativeTarget section */
		6536EA712C300508009295AB /* boykotApp */ = {
			isa = PBXNativeTarget;
			buildConfigurationList = 6536EA802C300508009295AB /* Build configuration list for PBXNativeTarget "boykotApp" */;
			buildPhases = (
				6536EA6E2C300508009295AB /* Sources */,
				6536EA6F2C300508009295AB /* Frameworks */,
				6536EA702C300508009295AB /* Resources */,
			);
			buildRules = (
			);
			dependencies = (
			);
			name = boykotApp;
			packageProductDependencies = (
				6536EA862C3007C1009295AB /* FirebaseDatabase */,
			);
			productName = boykotApp;
			productReference = 6536EA722C300508009295AB /* boykotApp.app */;
			productType = "com.apple.product-type.application";
		};
/* End PBXNativeTarget section */

/* Begin PBXProject section */
		6536EA6A2C300508009295AB /* Project object */ = {
			isa = PBXProject;
			attributes = {
				BuildIndependentTargetsInParallel = 1;
				LastSwiftUpdateCheck = 1540;
				LastUpgradeCheck = 1540;
				TargetAttributes = {
					6536EA712C300508009295AB = {
						CreatedOnToolsVersion = 15.4;
					};
				};
			};
			buildConfigurationList = 6536EA6D2C300508009295AB /* Build configuration list for PBXProject "boykotApp" */;
			compatibilityVersion = "Xcode 14.0";
			developmentRegion = en;
			hasScannedForEncodings = 0;
			knownRegions = (
				en,
				Base,
			);
			mainGroup = 6536EA692C300508009295AB;
			packageReferences = (
				6536EA852C3007C1009295AB /* XCRemoteSwiftPackageReference "firebase-ios-sdk" */,
			);
			productRefGroup = 6536EA732C300508009295AB /* Products */;
			projectDirPath = "";
			projectRoot = "";
			targets = (
				6536EA712C300508009295AB /* boykotApp */,
			);
		};
/* End PBXProject section */

/* Begin PBXResourcesBuildPhase section */
		6536EA702C300508009295AB /* Resources */ = {
			isa = PBXResourcesBuildPhase;
			buildActionMask = 2147483647;
			files = (
				6536EA7D2C300508009295AB /* Preview Assets.xcassets in Resources */,
				6536EA7A2C300508009295AB /* Assets.xcassets in Resources */,
				6536EA842C30053F009295AB /* GoogleService-Info.plist in Resources */,
			);
			runOnlyForDeploymentPostprocessing = 0;
		};
/* End PBXResourcesBuildPhase section */

/* Begin PBXSourcesBuildPhase section */
		6536EA6E2C300508009295AB /* Sources */ = {
			isa = PBXSourcesBuildPhase;
			buildActionMask = 2147483647;
			files = (
				6536EA932C300B2C009295AB /* ContentViewModel.swift in Sources */,
				6536EA782C300508009295AB /* ContentView.swift in Sources */,
				65A43FC92C31284B00335F77 /* SettinngPage.swift in Sources */,
				6536EA912C3009BF009295AB /* brands.swift in Sources */,
				6536EA982C30144F009295AB /* DetailPage.swift in Sources */,
				6536EA9F2C303A3B009295AB /* SettingViewModel.swift in Sources */,
				6536EA9B2C30309E009295AB /* RegisterViewModel.swift in Sources */,
				6536EA952C3011DC009295AB /* BrandLine.swift in Sources */,
				6536EA9D2C3030F7009295AB /* RegisterPage.swift in Sources */,
				6536EA762C300508009295AB /* boykotAppApp.swift in Sources */,
			);
			runOnlyForDeploymentPostprocessing = 0;
		};
/* End PBXSourcesBuildPhase section */

/* Begin XCBuildConfiguration section */
		6536EA7E2C300508009295AB /* Debug */ = {
			isa = XCBuildConfiguration;
			buildSettings = {
				ALWAYS_SEARCH_USER_PATHS = NO;
				ASSETCATALOG_COMPILER_GENERATE_SWIFT_ASSET_SYMBOL_EXTENSIONS = YES;
				CLANG_ANALYZER_NONNULL = YES;
				CLANG_ANALYZER_NUMBER_OBJECT_CONVERSION = YES_AGGRESSIVE;
				CLANG_CXX_LANGUAGE_STANDARD = "gnu++20";
				CLANG_ENABLE_MODULES = YES;
				CLANG_ENABLE_OBJC_ARC = YES;
				CLANG_ENABLE_OBJC_WEAK = YES;
				CLANG_WARN_BLOCK_CAPTURE_AUTORELEASING = YES;
				CLANG_WARN_BOOL_CONVERSION = YES;
				CLANG_WARN_COMMA = YES;
				CLANG_WARN_CONSTANT_CONVERSION = YES;
				CLANG_WARN_DEPRECATED_OBJC_IMPLEMENTATIONS = YES;
				CLANG_WARN_DIRECT_OBJC_ISA_USAGE = YES_ERROR;
				CLANG_WARN_DOCUMENTATION_COMMENTS = YES;
				CLANG_WARN_EMPTY_BODY = YES;
				CLANG_WARN_ENUM_CONVERSION = YES;
				CLANG_WARN_INFINITE_RECURSION = YES;
				CLANG_WARN_INT_CONVERSION = YES;
				CLANG_WARN_NON_LITERAL_NULL_CONVERSION = YES;
				CLANG_WARN_OBJC_IMPLICIT_RETAIN_SELF = YES;
				CLANG_WARN_OBJC_LITERAL_CONVERSION = YES;
				CLANG_WARN_OBJC_ROOT_CLASS = YES_ERROR;
				CLANG_WARN_QUOTED_INCLUDE_IN_FRAMEWORK_HEADER = YES;
				CLANG_WARN_RANGE_LOOP_ANALYSIS = YES;
				CLANG_WARN_STRICT_PROTOTYPES = YES;
				CLANG_WARN_SUSPICIOUS_MOVE = YES;
				CLANG_WARN_UNGUARDED_AVAILABILITY = YES_AGGRESSIVE;
				CLANG_WARN_UNREACHABLE_CODE = YES;
				CLANG_WARN__DUPLICATE_METHOD_MATCH = YES;
				COPY_PHASE_STRIP = NO;
				DEBUG_INFORMATION_FORMAT = dwarf;
				ENABLE_STRICT_OBJC_MSGSEND = YES;
				ENABLE_TESTABILITY = YES;
				ENABLE_USER_SCRIPT_SANDBOXING = YES;
				GCC_C_LANGUAGE_STANDARD = gnu17;
				GCC_DYNAMIC_NO_PIC = NO;
				GCC_NO_COMMON_BLOCKS = YES;
				GCC_OPTIMIZATION_LEVEL = 0;
				GCC_PREPROCESSOR_DEFINITIONS = (
					"DEBUG=1",
					"$(inherited)",
				);
				GCC_WARN_64_TO_32_BIT_CONVERSION = YES;
				GCC_WARN_ABOUT_RETURN_TYPE = YES_ERROR;
				GCC_WARN_UNDECLARED_SELECTOR = YES;
				GCC_WARN_UNINITIALIZED_AUTOS = YES_AGGRESSIVE;
				GCC_WARN_UNUSED_FUNCTION = YES;
				GCC_WARN_UNUSED_VARIABLE = YES;
				IPHONEOS_DEPLOYMENT_TARGET = 17.5;
				LOCALIZATION_PREFERS_STRING_CATALOGS = YES;
				MTL_ENABLE_DEBUG_INFO = INCLUDE_SOURCE;
				MTL_FAST_MATH = YES;
				ONLY_ACTIVE_ARCH = YES;
				SDKROOT = iphoneos;
				SWIFT_ACTIVE_COMPILATION_CONDITIONS = "DEBUG $(inherited)";
				SWIFT_OPTIMIZATION_LEVEL = "-Onone";
			};
			name = Debug;
		};
		6536EA7F2C300508009295AB /* Release */ = {
			isa = XCBuildConfiguration;
			buildSettings = {
				ALWAYS_SEARCH_USER_PATHS = NO;
				ASSETCATALOG_COMPILER_GENERATE_SWIFT_ASSET_SYMBOL_EXTENSIONS = YES;
				CLANG_ANALYZER_NONNULL = YES;
				CLANG_ANALYZER_NUMBER_OBJECT_CONVERSION = YES_AGGRESSIVE;
				CLANG_CXX_LANGUAGE_STANDARD = "gnu++20";
				CLANG_ENABLE_MODULES = YES;
				CLANG_ENABLE_OBJC_ARC = YES;
				CLANG_ENABLE_OBJC_WEAK = YES;
				CLANG_WARN_BLOCK_CAPTURE_AUTORELEASING = YES;
				CLANG_WARN_BOOL_CONVERSION = YES;
				CLANG_WARN_COMMA = YES;
				CLANG_WARN_CONSTANT_CONVERSION = YES;
				CLANG_WARN_DEPRECATED_OBJC_IMPLEMENTATIONS = YES;
				CLANG_WARN_DIRECT_OBJC_ISA_USAGE = YES_ERROR;
				CLANG_WARN_DOCUMENTATION_COMMENTS = YES;
				CLANG_WARN_EMPTY_BODY = YES;
				CLANG_WARN_ENUM_CONVERSION = YES;
				CLANG_WARN_INFINITE_RECURSION = YES;
				CLANG_WARN_INT_CONVERSION = YES;
				CLANG_WARN_NON_LITERAL_NULL_CONVERSION = YES;
				CLANG_WARN_OBJC_IMPLICIT_RETAIN_SELF = YES;
				CLANG_WARN_OBJC_LITERAL_CONVERSION = YES;
				CLANG_WARN_OBJC_ROOT_CLASS = YES_ERROR;
				CLANG_WARN_QUOTED_INCLUDE_IN_FRAMEWORK_HEADER = YES;
				CLANG_WARN_RANGE_LOOP_ANALYSIS = YES;
				CLANG_WARN_STRICT_PROTOTYPES = YES;
				CLANG_WARN_SUSPICIOUS_MOVE = YES;
				CLANG_WARN_UNGUARDED_AVAILABILITY = YES_AGGRESSIVE;
				CLANG_WARN_UNREACHABLE_CODE = YES;
				CLANG_WARN__DUPLICATE_METHOD_MATCH = YES;
				COPY_PHASE_STRIP = NO;
				DEBUG_INFORMATION_FORMAT = "dwarf-with-dsym";
				ENABLE_NS_ASSERTIONS = NO;
				ENABLE_STRICT_OBJC_MSGSEND = YES;
				ENABLE_USER_SCRIPT_SANDBOXING = YES;
				GCC_C_LANGUAGE_STANDARD = gnu17;
				GCC_NO_COMMON_BLOCKS = YES;
				GCC_WARN_64_TO_32_BIT_CONVERSION = YES;
				GCC_WARN_ABOUT_RETURN_TYPE = YES_ERROR;
				GCC_WARN_UNDECLARED_SELECTOR = YES;
				GCC_WARN_UNINITIALIZED_AUTOS = YES_AGGRESSIVE;
				GCC_WARN_UNUSED_FUNCTION = YES;
				GCC_WARN_UNUSED_VARIABLE = YES;
				IPHONEOS_DEPLOYMENT_TARGET = 17.5;
				LOCALIZATION_PREFERS_STRING_CATALOGS = YES;
				MTL_ENABLE_DEBUG_INFO = NO;
				MTL_FAST_MATH = YES;
				SDKROOT = iphoneos;
				SWIFT_COMPILATION_MODE = wholemodule;
				VALIDATE_PRODUCT = YES;
			};
			name = Release;
		};
		6536EA812C300508009295AB /* Debug */ = {
			isa = XCBuildConfiguration;
			buildSettings = {
				ASSETCATALOG_COMPILER_APPICON_NAME = AppIcon;
				ASSETCATALOG_COMPILER_GLOBAL_ACCENT_COLOR_NAME = AccentColor;
				CODE_SIGN_STYLE = Automatic;
				CURRENT_PROJECT_VERSION = 1;
				DEVELOPMENT_ASSET_PATHS = "\"boykotApp/Preview Content\"";
				DEVELOPMENT_TEAM = 2BJUT72GH8;
				ENABLE_PREVIEWS = YES;
				GENERATE_INFOPLIST_FILE = YES;
				INFOPLIST_FILE = boykotApp/Info.plist;
				INFOPLIST_KEY_UIApplicationSceneManifest_Generation = YES;
				INFOPLIST_KEY_UIApplicationSupportsIndirectInputEvents = YES;
				INFOPLIST_KEY_UILaunchScreen_Generation = YES;
				INFOPLIST_KEY_UISupportedInterfaceOrientations_iPad = "UIInterfaceOrientationPortrait UIInterfaceOrientationPortraitUpsideDown UIInterfaceOrientationLandscapeLeft UIInterfaceOrientationLandscapeRight";
				INFOPLIST_KEY_UISupportedInterfaceOrientations_iPhone = "UIInterfaceOrientationPortrait UIInterfaceOrientationLandscapeLeft UIInterfaceOrientationLandscapeRight";
				LD_RUNPATH_SEARCH_PATHS = (
					"$(inherited)",
					"@executable_path/Frameworks",
				);
				MARKETING_VERSION = 1.0;
				PRODUCT_BUNDLE_IDENTIFIER = feyzullahdurasi.boykotApp;
				PRODUCT_NAME = "$(TARGET_NAME)";
				SWIFT_EMIT_LOC_STRINGS = YES;
				SWIFT_VERSION = 5.0;
				TARGETED_DEVICE_FAMILY = "1,2";
			};
			name = Debug;
		};
		6536EA822C300508009295AB /* Release */ = {
			isa = XCBuildConfiguration;
			buildSettings = {
				ASSETCATALOG_COMPILER_APPICON_NAME = AppIcon;
				ASSETCATALOG_COMPILER_GLOBAL_ACCENT_COLOR_NAME = AccentColor;
				CODE_SIGN_STYLE = Automatic;
				CURRENT_PROJECT_VERSION = 1;
				DEVELOPMENT_ASSET_PATHS = "\"boykotApp/Preview Content\"";
				DEVELOPMENT_TEAM = 2BJUT72GH8;
				ENABLE_PREVIEWS = YES;
				GENERATE_INFOPLIST_FILE = YES;
				INFOPLIST_FILE = boykotApp/Info.plist;
				INFOPLIST_KEY_UIApplicationSceneManifest_Generation = YES;
				INFOPLIST_KEY_UIApplicationSupportsIndirectInputEvents = YES;
				INFOPLIST_KEY_UILaunchScreen_Generation = YES;
				INFOPLIST_KEY_UISupportedInterfaceOrientations_iPad = "UIInterfaceOrientationPortrait UIInterfaceOrientationPortraitUpsideDown UIInterfaceOrientationLandscapeLeft UIInterfaceOrientationLandscapeRight";
				INFOPLIST_KEY_UISupportedInterfaceOrientations_iPhone = "UIInterfaceOrientationPortrait UIInterfaceOrientationLandscapeLeft UIInterfaceOrientationLandscapeRight";
				LD_RUNPATH_SEARCH_PATHS = (
					"$(inherited)",
					"@executable_path/Frameworks",
				);
				MARKETING_VERSION = 1.0;
				PRODUCT_BUNDLE_IDENTIFIER = feyzullahdurasi.boykotApp;
				PRODUCT_NAME = "$(TARGET_NAME)";
				SWIFT_EMIT_LOC_STRINGS = YES;
				SWIFT_VERSION = 5.0;
				TARGETED_DEVICE_FAMILY = "1,2";
			};
			name = Release;
		};
/* End XCBuildConfiguration section */

/* Begin XCConfigurationList section */
		6536EA6D2C300508009295AB /* Build configuration list for PBXProject "boykotApp" */ = {
			isa = XCConfigurationList;
			buildConfigurations = (
				6536EA7E2C300508009295AB /* Debug */,
				6536EA7F2C300508009295AB /* Release */,
			);
			defaultConfigurationIsVisible = 0;
			defaultConfigurationName = Release;
		};
		6536EA802C300508009295AB /* Build configuration list for PBXNativeTarget "boykotApp" */ = {
			isa = XCConfigurationList;
			buildConfigurations = (
				6536EA812C300508009295AB /* Debug */,
				6536EA822C300508009295AB /* Release */,
			);
			defaultConfigurationIsVisible = 0;
			defaultConfigurationName = Release;
		};
/* End XCConfigurationList section */

/* Begin XCRemoteSwiftPackageReference section */
		6536EA852C3007C1009295AB /* XCRemoteSwiftPackageReference "firebase-ios-sdk" */ = {
			isa = XCRemoteSwiftPackageReference;
			repositoryURL = "https://github.com/firebase/firebase-ios-sdk";
			requirement = {
				kind = upToNextMajorVersion;
				minimumVersion = 10.28.1;
			};
		};
/* End XCRemoteSwiftPackageReference section */

/* Begin XCSwiftPackageProductDependency section */
		6536EA862C3007C1009295AB /* FirebaseDatabase */ = {
			isa = XCSwiftPackageProductDependency;
			package = 6536EA852C3007C1009295AB /* XCRemoteSwiftPackageReference "firebase-ios-sdk" */;
			productName = FirebaseDatabase;
		};
/* End XCSwiftPackageProductDependency section */
	};
	rootObject = 6536EA6A2C300508009295AB /* Project object */;
}
